{
  "lockfileVersion": 1,
  "workspaces": {
    "": {
      "name": "backup-any-post",
      "dependencies": {
        "@qzda/prolog": "latest",
        "turndown": "^7.2.1",
      },
      "devDependencies": {
        "@types/node": "^24.7.2",
        "@types/tampermonkey": "latest",
        "@types/turndown": "^5.0.5",
      },
    },
  },
  "packages": {
    "@mixmark-io/domino": ["@mixmark-io/domino@2.2.0", "", {}, "sha512-Y28PR25bHXUg88kCV7nivXrP2Nj2RueZ3/l/jdx6J9f8J4nsEGcgX0Qe6lt7Pa+J79+kPiJU3LguR6O/6zrLOw=="],

    "@qzda/prolog": ["@qzda/prolog@1.0.6", "", {}, "sha512-B6jMk7qAMAI5n/5S3P+jKXgfWS7IE6JDIj0c/PF8ceeSCwglfq2PV11OtNI5MSqPHpGmKdk4Bc3wVxw+Z8BQtA=="],

    "@types/node": ["@types/node@24.7.2", "", { "dependencies": { "undici-types": "~7.14.0" } }, "sha512-/NbVmcGTP+lj5oa4yiYxxeBjRivKQ5Ns1eSZeB99ExsEQ6rX5XYU1Zy/gGxY/ilqtD4Etx9mKyrPxZRetiahhA=="],

    "@types/tampermonkey": ["@types/tampermonkey@5.0.4", "", {}, "sha512-HEJ0O5CkDZSwIgd9Zip4xM8o7gZC8zBmJuH1YEXNINIC+aCWEXD10pnpo3NQG5IWHx+Xr4fMSGq1jqeKXH2lpA=="],

    "@types/turndown": ["@types/turndown@5.0.5", "", {}, "sha512-TL2IgGgc7B5j78rIccBtlYAnkuv8nUQqhQc+DSYV5j9Be9XOcm/SKOVRuA47xAVI3680Tk9B1d8flK2GWT2+4w=="],

    "turndown": ["turndown@7.2.1", "", { "dependencies": { "@mixmark-io/domino": "^2.2.0" } }, "sha512-7YiPJw6rLClQL3oUKN3KgMaXeJJ2lAyZItclgKDurqnH61so4k4IH/qwmMva0zpuJc/FhRExBBnk7EbeFANlgQ=="],

    "undici-types": ["undici-types@7.14.0", "", {}, "sha512-QQiYxHuyZ9gQUIrmPo3IA+hUl4KYk8uSA7cHrcKd/l3p1OTpZcM0Tbp9x7FAtXdAYhlasd60ncPpgu6ihG6TOA=="],
  }
}
